
Microsoft Visual Studio Solution File, Format Version 12.00
# Visual Studio Version 17
VisualStudioVersion = 17.1.32328.378
MinimumVisualStudioVersion = 10.0.40219.1
Project("{8BC9CEB8-8B4A-11D0-8D11-00A0C91BC942}") = "Assignment4-2", "Assignment4-2.vcxproj", "{0CF39988-AEE0-4B4E-986E-D3BD01777AD3}"
EndProject
Global
	GlobalSection(SolutionConfigurationPlatforms) = preSolution
		Debug|x64 = Debug|x64
		Debug|x86 = Debug|x86
		Release|x64 = Release|x64
		Release|x86 = Release|x86
	EndGlobalSection
	GlobalSection(ProjectConfigurationPlatforms) = postSolution
		{0CF39988-AEE0-4B4E-986E-D3BD01777AD3}.Debug|x64.ActiveCfg = Debug|x64
		{0CF39988-AEE0-4B4E-986E-D3BD01777AD3}.Debug|x64.Build.0 = Debug|x64
		{0CF39988-AEE0-4B4E-986E-D3BD01777AD3}.Debug|x86.ActiveCfg = Debug|Win32
		{0CF39988-AEE0-4B4E-986E-D3BD01777AD3}.Debug|x86.Build.0 = Debug|Win32
		{0CF39988-AEE0-4B4E-986E-D3BD01777AD3}.Release|x64.ActiveCfg = Release|x64
		{0CF39988-AEE0-4B4E-986E-D3BD01777AD3}.Release|x64.Build.0 = Release|x64
		{0CF39988-AEE0-4B4E-986E-D3BD01777AD3}.Release|x86.ActiveCfg = Release|Win32
		{0CF39988-AEE0-4B4E-986E-D3BD01777AD3}.Release|x86.Build.0 = Release|Win32
	EndGlobalSection
	GlobalSection(SolutionProperties) = preSolution
		HideSolutionNode = FALSE
	EndGlobalSection
	GlobalSection(ExtensibilityGlobals) = postSolution
		SolutionGuid = {F55252A9-7112-400B-9B51-DF4A8D5FB30C}
	EndGlobalSection
EndGlobal
